
Microsoft Visual Studio Solution File, Format Version 12.00
# Visual Studio 15
VisualStudioVersion = 15.0.28307.902
MinimumVisualStudioVersion = 10.0.40219.1
Project("{9A19103F-16F7-4668-BE54-9A1E7A4F7556}") = "Maper.Library", "Maper.Library\Maper.Library.csproj", "{3605F4A8-4A37-4A56-B2E3-D740C5F49973}"
EndProject
Project("{9A19103F-16F7-4668-BE54-9A1E7A4F7556}") = "Maper.Tests", "Maper.Tests\Maper.Tests.csproj", "{8153F8A6-2D2E-45F3-805F-23AA69167FA9}"
EndProject
Global
	GlobalSection(SolutionConfigurationPlatforms) = preSolution
		Debug|Any CPU = Debug|Any CPU
		Release|Any CPU = Release|Any CPU
	EndGlobalSection
	GlobalSection(ProjectConfigurationPlatforms) = postSolution
		{3605F4A8-4A37-4A56-B2E3-D740C5F49973}.Debug|Any CPU.ActiveCfg = Debug|Any CPU
		{3605F4A8-4A37-4A56-B2E3-D740C5F49973}.Debug|Any CPU.Build.0 = Debug|Any CPU
		{3605F4A8-4A37-4A56-B2E3-D740C5F49973}.Release|Any CPU.ActiveCfg = Release|Any CPU
		{3605F4A8-4A37-4A56-B2E3-D740C5F49973}.Release|Any CPU.Build.0 = Release|Any CPU
		{8153F8A6-2D2E-45F3-805F-23AA69167FA9}.Debug|Any CPU.ActiveCfg = Debug|Any CPU
		{8153F8A6-2D2E-45F3-805F-23AA69167FA9}.Debug|Any CPU.Build.0 = Debug|Any CPU
		{8153F8A6-2D2E-45F3-805F-23AA69167FA9}.Release|Any CPU.ActiveCfg = Release|Any CPU
		{8153F8A6-2D2E-45F3-805F-23AA69167FA9}.Release|Any CPU.Build.0 = Release|Any CPU
	EndGlobalSection
	GlobalSection(SolutionProperties) = preSolution
		HideSolutionNode = FALSE
	EndGlobalSection
	GlobalSection(ExtensibilityGlobals) = postSolution
		SolutionGuid = {2BDAB37F-C05A-45EC-A29B-9D991B706F14}
	EndGlobalSection
EndGlobal
